# @generated - this file is auto-generated by `mise lock` https://mise.jdx.dev/dev-tools/mise-lock.html

[[tools.hugo]]
version = "0.148.2"
backend = "aqua:gohugoio/hugo"

[tools.hugo."platforms.linux-arm64"]
checksum = "sha256:32d0b77e88d4c1076fd7acc763b14ad653801dd0c59a257a1259458aa8b00388"
url = "https://github.com/gohugoio/hugo/releases/download/v0.148.2/hugo_0.148.2_linux-arm64.tar.gz"
url_api = "https://api.github.com/repos/gohugoio/hugo/releases/assets/276797999"

[tools.hugo."platforms.linux-arm64-musl"]
checksum = "sha256:32d0b77e88d4c1076fd7acc763b14ad653801dd0c59a257a1259458aa8b00388"
url = "https://github.com/gohugoio/hugo/releases/download/v0.148.2/hugo_0.148.2_linux-arm64.tar.gz"
url_api = "https://api.github.com/repos/gohugoio/hugo/releases/assets/276797999"

[tools.hugo."platforms.linux-x64"]
checksum = "sha256:b2fbef73c965ff439ccca0bdf15d7ca64f59363d62916326e24d5552e6968aa3"
url = "https://github.com/gohugoio/hugo/releases/download/v0.148.2/hugo_0.148.2_linux-amd64.tar.gz"
url_api = "https://api.github.com/repos/gohugoio/hugo/releases/assets/276798000"

[tools.hugo."platforms.linux-x64-musl"]
checksum = "sha256:b2fbef73c965ff439ccca0bdf15d7ca64f59363d62916326e24d5552e6968aa3"
url = "https://github.com/gohugoio/hugo/releases/download/v0.148.2/hugo_0.148.2_linux-amd64.tar.gz"
url_api = "https://api.github.com/repos/gohugoio/hugo/releases/assets/276798000"

[tools.hugo."platforms.macos-arm64"]
checksum = "sha256:155c4bf15f84e8c8041be1ebad2142470a02f9055d1b348fc1b50427c0135f06"
url = "https://github.com/gohugoio/hugo/releases/download/v0.148.2/hugo_0.148.2_darwin-universal.tar.gz"
url_api = "https://api.github.com/repos/gohugoio/hugo/releases/assets/276798002"

[tools.hugo."platforms.macos-x64"]
checksum = "sha256:155c4bf15f84e8c8041be1ebad2142470a02f9055d1b348fc1b50427c0135f06"
url = "https://github.com/gohugoio/hugo/releases/download/v0.148.2/hugo_0.148.2_darwin-universal.tar.gz"
url_api = "https://api.github.com/repos/gohugoio/hugo/releases/assets/276798002"

[tools.hugo."platforms.windows-x64"]
checksum = "sha256:d7ad10ab3aff83a007f992cfc81936a53bb5d1407597630cdc18a32dfac2c793"
url = "https://github.com/gohugoio/hugo/releases/download/v0.148.2/hugo_0.148.2_windows-amd64.zip"
url_api = "https://api.github.com/repos/gohugoio/hugo/releases/assets/276798018"

[[tools.python]]
version = "3.13.5"
backend = "core:python"

[tools.python."platforms.linux-arm64"]
checksum = "sha256:65412f4d99966ab9e0218211c1408497b5ecd2a40e1bd12183a37937c25cce4e"
url = "https://github.com/astral-sh/python-build-standalone/releases/download/20250723/cpython-3.13.5+20250723-aarch64-unknown-linux-gnu-install_only_stripped.tar.gz"
provenance = "github-attestations"

[tools.python."platforms.linux-x64"]
checksum = "sha256:f7ac16748be2674ec14df532a3e48d0c6f215017b537f14ca3feb837dbe86292"
url = "https://github.com/astral-sh/python-build-standalone/releases/download/20250723/cpython-3.13.5+20250723-x86_64-unknown-linux-gnu-install_only_stripped.tar.gz"
provenance = "github-attestations"

[tools.python."platforms.linux-x64-musl"]
checksum = "sha256:8ba1a81e371263b668667ca66234c0422dfff212005a5fb0ced0dbc5011be942"
url = "https://github.com/astral-sh/python-build-standalone/releases/download/20250723/cpython-3.13.5+20250723-x86_64-unknown-linux-musl-install_only_stripped.tar.gz"
provenance = "github-attestations"

[tools.python."platforms.macos-arm64"]
checksum = "sha256:a2c25baa13d271b730744d7e8684d7db54a003dfeeb5ae3b0ae86af7d81d44ae"
url = "https://github.com/astral-sh/python-build-standalone/releases/download/20250723/cpython-3.13.5+20250723-aarch64-apple-darwin-install_only_stripped.tar.gz"
provenance = "github-attestations"

[tools.python."platforms.macos-x64"]
checksum = "sha256:c198610998092c42650600ef250be388ba27ab307ade4d8684c27af9a0b5569a"
url = "https://github.com/astral-sh/python-build-standalone/releases/download/20250723/cpython-3.13.5+20250723-x86_64-apple-darwin-install_only_stripped.tar.gz"
provenance = "github-attestations"

[tools.python."platforms.windows-x64"]
checksum = "sha256:4d88fdda4a59e0d6d45953c37c2fcb4e114dd5a2d41cb5b24b75b42ab8328ff8"
url = "https://github.com/astral-sh/python-build-standalone/releases/download/20250723/cpython-3.13.5+20250723-x86_64-pc-windows-msvc-install_only_stripped.tar.gz"
provenance = "github-attestations"

[[tools.ruff]]
version = "0.12.4"
backend = "aqua:astral-sh/ruff"

[tools.ruff."platforms.linux-arm64"]
checksum = "sha256:adab1c084dbe508c134a354e277b6706da98e89c84aee619cbff37fff5f0b8fc"
url = "https://github.com/astral-sh/ruff/releases/download/0.12.4/ruff-aarch64-unknown-linux-musl.tar.gz"
url_api = "https://api.github.com/repos/astral-sh/ruff/releases/assets/273820706"

[tools.ruff."platforms.linux-arm64-musl"]
checksum = "sha256:adab1c084dbe508c134a354e277b6706da98e89c84aee619cbff37fff5f0b8fc"
url = "https://github.com/astral-sh/ruff/releases/download/0.12.4/ruff-aarch64-unknown-linux-musl.tar.gz"
url_api = "https://api.github.com/repos/astral-sh/ruff/releases/assets/273820706"

[tools.ruff."platforms.linux-x64"]
checksum = "sha256:41117fc1c67eb9572c50403297bd5fcb8cec99d8a1566badec7ff1a03f8a356d"
url = "https://github.com/astral-sh/ruff/releases/download/0.12.4/ruff-x86_64-unknown-linux-musl.tar.gz"
url_api = "https://api.github.com/repos/astral-sh/ruff/releases/assets/273820740"

[tools.ruff."platforms.linux-x64-musl"]
checksum = "sha256:41117fc1c67eb9572c50403297bd5fcb8cec99d8a1566badec7ff1a03f8a356d"
url = "https://github.com/astral-sh/ruff/releases/download/0.12.4/ruff-x86_64-unknown-linux-musl.tar.gz"
url_api = "https://api.github.com/repos/astral-sh/ruff/releases/assets/273820740"

[tools.ruff."platforms.macos-arm64"]
checksum = "sha256:be7dc64e69a31b1bb9e875274778c1b65c9470ff18214232aa35fc843e5a6826"
url = "https://github.com/astral-sh/ruff/releases/download/0.12.4/ruff-aarch64-apple-darwin.tar.gz"
url_api = "https://api.github.com/repos/astral-sh/ruff/releases/assets/273820702"

[tools.ruff."platforms.macos-x64"]
checksum = "sha256:2c829e3128354900495ad91d0401e2284e70121bae67cfcb264eea3a639381a5"
url = "https://github.com/astral-sh/ruff/releases/download/0.12.4/ruff-x86_64-apple-darwin.tar.gz"
url_api = "https://api.github.com/repos/astral-sh/ruff/releases/assets/273820732"

[tools.ruff."platforms.windows-x64"]
checksum = "sha256:0fcadba5764177cc79d3b1bdf56481e71977dd167efd1073f9db9b719e34ed38"
url = "https://github.com/astral-sh/ruff/releases/download/0.12.4/ruff-x86_64-pc-windows-msvc.zip"
url_api = "https://api.github.com/repos/astral-sh/ruff/releases/assets/273820735"

[[tools.uv]]
version = "0.11.29"
backend = "aqua:astral-sh/uv"

[tools.uv."platforms.linux-arm64"]
checksum = "sha256:593d79a797ece3f1dfaaf3e0a973263422a135d9262c7dbc6cd75d9c11acc0b4"
url = "https://github.com/astral-sh/uv/releases/download/0.11.29/uv-aarch64-unknown-linux-musl.tar.gz"
url_api = "https://api.github.com/repos/astral-sh/uv/releases/assets/478261262"
provenance = "github-attestations"

[tools.uv."platforms.linux-arm64-musl"]
checksum = "sha256:593d79a797ece3f1dfaaf3e0a973263422a135d9262c7dbc6cd75d9c11acc0b4"
url = "https://github.com/astral-sh/uv/releases/download/0.11.29/uv-aarch64-unknown-linux-musl.tar.gz"
url_api = "https://api.github.com/repos/astral-sh/uv/releases/assets/478261262"
provenance = "github-attestations"

[tools.uv."platforms.linux-x64"]
checksum = "sha256:46711858adb2a3acaa9cee00f9060688ad1fd5706aecc005b96a6a7f285a00b7"
url = "https://github.com/astral-sh/uv/releases/download/0.11.29/uv-x86_64-unknown-linux-musl.tar.gz"
url_api = "https://api.github.com/repos/astral-sh/uv/releases/assets/478261352"
provenance = "github-attestations"

[tools.uv."platforms.linux-x64-musl"]
checksum = "sha256:46711858adb2a3acaa9cee00f9060688ad1fd5706aecc005b96a6a7f285a00b7"
url = "https://github.com/astral-sh/uv/releases/download/0.11.29/uv-x86_64-unknown-linux-musl.tar.gz"
url_api = "https://api.github.com/repos/astral-sh/uv/releases/assets/478261352"
provenance = "github-attestations"

[tools.uv."platforms.macos-arm64"]
checksum = "sha256:61c04acc52a33ef0f331e494bdfbedcdb6c26c6970c022ed3699e5860f8930e3"
url = "https://github.com/astral-sh/uv/releases/download/0.11.29/uv-aarch64-apple-darwin.tar.gz"
url_api = "https://api.github.com/repos/astral-sh/uv/releases/assets/478261245"
provenance = "github-attestations"

[tools.uv."platforms.macos-x64"]
checksum = "sha256:c4c4de482da9ccdd076dc4fb5cfe7b740609029385c72f58606be3153602387d"
url = "https://github.com/astral-sh/uv/releases/download/0.11.29/uv-x86_64-apple-darwin.tar.gz"
url_api = "https://api.github.com/repos/astral-sh/uv/releases/assets/478261331"
provenance = "github-attestations"

[tools.uv."platforms.windows-x64"]
checksum = "sha256:a047d55651bc3e0ca24595b25ec4cfcb10f9dca9fb56514e661269b37d4fae68"
url = "https://github.com/astral-sh/uv/releases/download/0.11.29/uv-x86_64-pc-windows-msvc.zip"
url_api = "https://api.github.com/repos/astral-sh/uv/releases/assets/478261333"
provenance = "github-attestations"
